
Microsoft Visual Studio Solution File, Format Version 12.00
# Visual Studio Version 17
VisualStudioVersion = 17.5.002.0
MinimumVisualStudioVersion = 10.0.40219.1
Project("{9A19103F-16F7-4668-BE54-9A1E7A4F7556}") = "ApresentarPessoa", "ApresentarPessoa.csproj", "{7A6C0BFE-4F7C-4AF7-90B6-5A3753E21DCC}"
EndProject
Global
	GlobalSection(SolutionConfigurationPlatforms) = preSolution
		Debug|Any CPU = Debug|Any CPU
		Release|Any CPU = Release|Any CPU
	EndGlobalSection
	GlobalSection(ProjectConfigurationPlatforms) = postSolution
		{7A6C0BFE-4F7C-4AF7-90B6-5A3753E21DCC}.Debug|Any CPU.ActiveCfg = Debug|Any CPU
		{7A6C0BFE-4F7C-4AF7-90B6-5A3753E21DCC}.Debug|Any CPU.Build.0 = Debug|Any CPU
		{7A6C0BFE-4F7C-4AF7-90B6-5A3753E21DCC}.Release|Any CPU.ActiveCfg = Release|Any CPU
		{7A6C0BFE-4F7C-4AF7-90B6-5A3753E21DCC}.Release|Any CPU.Build.0 = Release|Any CPU
	EndGlobalSection
	GlobalSection(SolutionProperties) = preSolution
		HideSolutionNode = FALSE
	EndGlobalSection
	GlobalSection(ExtensibilityGlobals) = postSolution
		SolutionGuid = {32D85829-9B47-4C31-A789-CA80A4B938D8}
	EndGlobalSection
EndGlobal
